// !$*UTF8*$!
{
	archiveVersion = 1;
	classes = {
	};
	objectVersion = 56;
	objects = {

/* Begin PBXBuildFile section */
		D94AF06829FD661100B90260 /* ViewController.swift in Sources */ = {isa = PBXBuildFile; fileRef = D94AF06729FD661100B90260 /* ViewController.swift */; };
		D94AF06B29FD661F00B90260 /* Main.storyboard in Resources */ = {isa = PBXBuildFile; fileRef = D94AF06929FD661F00B90260 /* Main.storyboard */; };
		D99273E029F981B600F4844C /* AppDelegate.swift in Sources */ = {isa = PBXBuildFile; fileRef = D99273DF29F981B600F4844C /* AppDelegate.swift */; };
		D99273E229F981B600F4844C /* SceneDelegate.swift in Sources */ = {isa = PBXBuildFile; fileRef = D99273E129F981B600F4844C /* SceneDelegate.swift */; };
		D99273E929F981B800F4844C /* Assets.xcassets in Resources */ = {isa = PBXBuildFile; fileRef = D99273E829F981B800F4844C /* Assets.xcassets */; };
		D99273EC29F981B800F4844C /* LaunchScreen.storyboard in Resources */ = {isa = PBXBuildFile; fileRef = D99273EA29F981B800F4844C /* LaunchScreen.storyboard */; };
		D99273F429F984F100F4844C /* color strip.jpeg in Resources */ = {isa = PBXBuildFile; fileRef = D99273F329F984F100F4844C /* color strip.jpeg */; };
		D995144929FD72C2008B1F64 /* TBViewController.swift in Sources */ = {isa = PBXBuildFile; fileRef = D995144829FD72C2008B1F64 /* TBViewController.swift */; };
		D995144B29FD7443008B1F64 /* VotingViewController.swift in Sources */ = {isa = PBXBuildFile; fileRef = D995144A29FD7443008B1F64 /* VotingViewController.swift */; };
		D995144E29FD770E008B1F64 /* red.png in Resources */ = {isa = PBXBuildFile; fileRef = D995144D29FD770E008B1F64 /* red.png */; };
		D995145029FD77B3008B1F64 /* blue.png in Resources */ = {isa = PBXBuildFile; fileRef = D995144F29FD77B3008B1F64 /* blue.png */; };
/* End PBXBuildFile section */

/* Begin PBXFileReference section */
		D94AF06729FD661100B90260 /* ViewController.swift */ = {isa = PBXFileReference; fileEncoding = 4; lastKnownFileType = sourcecode.swift; path = ViewController.swift; sourceTree = "<group>"; };
		D94AF06A29FD661F00B90260 /* Base */ = {isa = PBXFileReference; lastKnownFileType = file.storyboard; name = Base; path = Base.lproj/Main.storyboard; sourceTree = "<group>"; };
		D99273DC29F981B600F4844C /* Austin Patton Ballot Project.app */ = {isa = PBXFileReference; explicitFileType = wrapper.application; includeInIndex = 0; path = "Austin Patton Ballot Project.app"; sourceTree = BUILT_PRODUCTS_DIR; };
		D99273DF29F981B600F4844C /* AppDelegate.swift */ = {isa = PBXFileReference; lastKnownFileType = sourcecode.swift; path = AppDelegate.swift; sourceTree = "<group>"; };
		D99273E129F981B600F4844C /* SceneDelegate.swift */ = {isa = PBXFileReference; lastKnownFileType = sourcecode.swift; path = SceneDelegate.swift; sourceTree = "<group>"; };
		D99273E829F981B800F4844C /* Assets.xcassets */ = {isa = PBXFileReference; lastKnownFileType = folder.assetcatalog; path = Assets.xcassets; sourceTree = "<group>"; };
		D99273EB29F981B800F4844C /* Base */ = {isa = PBXFileReference; lastKnownFileType = file.storyboard; name = Base; path = Base.lproj/LaunchScreen.storyboard; sourceTree = "<group>"; };
		D99273ED29F981B800F4844C /* Info.plist */ = {isa = PBXFileReference; lastKnownFileType = text.plist.xml; path = Info.plist; sourceTree = "<group>"; };
		D99273F329F984F100F4844C /* color strip.jpeg */ = {isa = PBXFileReference; lastKnownFileType = image.jpeg; name = "color strip.jpeg"; path = "../../../../Downloads/color strip.jpeg"; sourceTree = "<group>"; };
		D995144829FD72C2008B1F64 /* TBViewController.swift */ = {isa = PBXFileReference; lastKnownFileType = sourcecode.swift; path = TBViewController.swift; sourceTree = "<group>"; };
		D995144A29FD7443008B1F64 /* VotingViewController.swift */ = {isa = PBXFileReference; lastKnownFileType = sourcecode.swift; path = VotingViewController.swift; sourceTree = "<group>"; };
		D995144D29FD770E008B1F64 /* red.png */ = {isa = PBXFileReference; lastKnownFileType = image.png; name = red.png; path = ../../../../Downloads/red.png; sourceTree = "<group>"; };
		D995144F29FD77B3008B1F64 /* blue.png */ = {isa = PBXFileReference; lastKnownFileType = image.png; name = blue.png; path = ../../../../Downloads/blue.png; sourceTree = "<group>"; };
/* End PBXFileReference section */

/* Begin PBXFrameworksBuildPhase section */
		D99273D929F981B600F4844C /* Frameworks */ = {
			isa = PBXFrameworksBuildPhase;
			buildActionMask = 2147483647;
			files = (
			);
			runOnlyForDeploymentPostprocessing = 0;
		};
/* End PBXFrameworksBuildPhase section */

/* Begin PBXGroup section */
		D99273D329F981B600F4844C = {
			isa = PBXGroup;
			children = (
				D99273DE29F981B600F4844C /* Austin Patton Ballot Project */,
				D99273DD29F981B600F4844C /* Products */,
			);
			sourceTree = "<group>";
		};
		D99273DD29F981B600F4844C /* Products */ = {
			isa = PBXGroup;
			children = (
				D99273DC29F981B600F4844C /* Austin Patton Ballot Project.app */,
			);
			name = Products;
			sourceTree = "<group>";
		};
		D99273DE29F981B600F4844C /* Austin Patton Ballot Project */ = {
			isa = PBXGroup;
			children = (
				D99273DF29F981B600F4844C /* AppDelegate.swift */,
				D99273E129F981B600F4844C /* SceneDelegate.swift */,
				D94AF06929FD661F00B90260 /* Main.storyboard */,
				D94AF06729FD661100B90260 /* ViewController.swift */,
				D995144829FD72C2008B1F64 /* TBViewController.swift */,
				D995144A29FD7443008B1F64 /* VotingViewController.swift */,
				D99273E829F981B800F4844C /* Assets.xcassets */,
				D99273F329F984F100F4844C /* color strip.jpeg */,
				D99273EA29F981B800F4844C /* LaunchScreen.storyboard */,
				D99273ED29F981B800F4844C /* Info.plist */,
				D995144D29FD770E008B1F64 /* red.png */,
				D995144F29FD77B3008B1F64 /* blue.png */,
			);
			path = "Austin Patton Ballot Project";
			sourceTree = "<group>";
		};
/* End PBXGroup section */

/* Begin PBXNativeTarget section */
		D99273DB29F981B600F4844C /* Austin Patton Ballot Project */ = {
			isa = PBXNativeTarget;
			buildConfigurationList = D99273F029F981B800F4844C /* Build configuration list for PBXNativeTarget "Austin Patton Ballot Project" */;
			buildPhases = (
				D99273D829F981B600F4844C /* Sources */,
				D99273D929F981B600F4844C /* Frameworks */,
				D99273DA29F981B600F4844C /* Resources */,
			);
			buildRules = (
			);
			dependencies = (
			);
			name = "Austin Patton Ballot Project";
			productName = "Austin Patton Ballot Project";
			productReference = D99273DC29F981B600F4844C /* Austin Patton Ballot Project.app */;
			productType = "com.apple.product-type.application";
		};
/* End PBXNativeTarget section */

/* Begin PBXProject section */
		D99273D429F981B600F4844C /* Project object */ = {
			isa = PBXProject;
			attributes = {
				BuildIndependentTargetsInParallel = 1;
				LastSwiftUpdateCheck = 1430;
				LastUpgradeCheck = 1430;
				TargetAttributes = {
					D99273DB29F981B600F4844C = {
						CreatedOnToolsVersion = 14.3;
					};
				};
			};
			buildConfigurationList = D99273D729F981B600F4844C /* Build configuration list for PBXProject "Austin Patton Ballot Project" */;
			compatibilityVersion = "Xcode 14.0";
			developmentRegion = en;
			hasScannedForEncodings = 0;
			knownRegions = (
				en,
				Base,
			);
			mainGroup = D99273D329F981B600F4844C;
			productRefGroup = D99273DD29F981B600F4844C /* Products */;
			projectDirPath = "";
			projectRoot = "";
			targets = (
				D99273DB29F981B600F4844C /* Austin Patton Ballot Project */,
			);
		};
/* End PBXProject section */

/* Begin PBXResourcesBuildPhase section */
		D99273DA29F981B600F4844C /* Resources */ = {
			isa = PBXResourcesBuildPhase;
			buildActionMask = 2147483647;
			files = (
				D99273EC29F981B800F4844C /* LaunchScreen.storyboard in Resources */,
				D99273F429F984F100F4844C /* color strip.jpeg in Resources */,
				D99273E929F981B800F4844C /* Assets.xcassets in Resources */,
				D995144E29FD770E008B1F64 /* red.png in Resources */,
				D94AF06B29FD661F00B90260 /* Main.storyboard in Resources */,
				D995145029FD77B3008B1F64 /* blue.png in Resources */,
			);
			runOnlyForDeploymentPostprocessing = 0;
		};
/* End PBXResourcesBuildPhase section */

/* Begin PBXSourcesBuildPhase section */
		D99273D829F981B600F4844C /* Sources */ = {
			isa = PBXSourcesBuildPhase;
			buildActionMask = 2147483647;
			files = (
				D94AF06829FD661100B90260 /* ViewController.swift in Sources */,
				D99273E029F981B600F4844C /* AppDelegate.swift in Sources */,
				D995144929FD72C2008B1F64 /* TBViewController.swift in Sources */,
				D99273E229F981B600F4844C /* SceneDelegate.swift in Sources */,
				D995144B29FD7443008B1F64 /* VotingViewController.swift in Sources */,
			);
			runOnlyForDeploymentPostprocessing = 0;
		};
/* End PBXSourcesBuildPhase section */

/* Begin PBXVariantGroup section */
		D94AF06929FD661F00B90260 /* Main.storyboard */ = {
			isa = PBXVariantGroup;
			children = (
				D94AF06A29FD661F00B90260 /* Base */,
			);
			name = Main.storyboard;
			sourceTree = "<group>";
		};
		D99273EA29F981B800F4844C /* LaunchScreen.storyboard */ = {
			isa = PBXVariantGroup;
			children = (
				D99273EB29F981B800F4844C /* Base */,
			);
			name = LaunchScreen.storyboard;
			sourceTree = "<group>";
		};
/* End PBXVariantGroup section */

/* Begin XCBuildConfiguration section */
		D99273EE29F981B800F4844C /* Debug */ = {
			isa = XCBuildConfiguration;
			buildSettings = {
				ALWAYS_SEARCH_USER_PATHS = NO;
				CLANG_ANALYZER_NONNULL = YES;
				CLANG_ANALYZER_NUMBER_OBJECT_CONVERSION = YES_AGGRESSIVE;
				CLANG_CXX_LANGUAGE_STANDARD = "gnu++20";
				CLANG_ENABLE_MODULES = YES;
				CLANG_ENABLE_OBJC_ARC = YES;
				CLANG_ENABLE_OBJC_WEAK = YES;
				CLANG_WARN_BLOCK_CAPTURE_AUTORELEASING = YES;
				CLANG_WARN_BOOL_CONVERSION = YES;
				CLANG_WARN_COMMA = YES;
				CLANG_WARN_CONSTANT_CONVERSION = YES;
				CLANG_WARN_DEPRECATED_OBJC_IMPLEMENTATIONS = YES;
				CLANG_WARN_DIRECT_OBJC_ISA_USAGE = YES_ERROR;
				CLANG_WARN_DOCUMENTATION_COMMENTS = YES;
				CLANG_WARN_EMPTY_BODY = YES;
				CLANG_WARN_ENUM_CONVERSION = YES;
				CLANG_WARN_INFINITE_RECURSION = YES;
				CLANG_WARN_INT_CONVERSION = YES;
				CLANG_WARN_NON_LITERAL_NULL_CONVERSION = YES;
				CLANG_WARN_OBJC_IMPLICIT_RETAIN_SELF = YES;
				CLANG_WARN_OBJC_LITERAL_CONVERSION = YES;
				CLANG_WARN_OBJC_ROOT_CLASS = YES_ERROR;
				CLANG_WARN_QUOTED_INCLUDE_IN_FRAMEWORK_HEADER = YES;
				CLANG_WARN_RANGE_LOOP_ANALYSIS = YES;
				CLANG_WARN_STRICT_PROTOTYPES = YES;
				CLANG_WARN_SUSPICIOUS_MOVE = YES;
				CLANG_WARN_UNGUARDED_AVAILABILITY = YES_AGGRESSIVE;
				CLANG_WARN_UNREACHABLE_CODE = YES;
				CLANG_WARN__DUPLICATE_METHOD_MATCH = YES;
				COPY_PHASE_STRIP = NO;
				DEBUG_INFORMATION_FORMAT = dwarf;
				ENABLE_STRICT_OBJC_MSGSEND = YES;
				ENABLE_TESTABILITY = YES;
				GCC_C_LANGUAGE_STANDARD = gnu11;
				GCC_DYNAMIC_NO_PIC = NO;
				GCC_NO_COMMON_BLOCKS = YES;
				GCC_OPTIMIZATION_LEVEL = 0;
				GCC_PREPROCESSOR_DEFINITIONS = (
					"DEBUG=1",
					"$(inherited)",
				);
				GCC_WARN_64_TO_32_BIT_CONVERSION = YES;
				GCC_WARN_ABOUT_RETURN_TYPE = YES_ERROR;
				GCC_WARN_UNDECLARED_SELECTOR = YES;
				GCC_WARN_UNINITIALIZED_AUTOS = YES_AGGRESSIVE;
				GCC_WARN_UNUSED_FUNCTION = YES;
				GCC_WARN_UNUSED_VARIABLE = YES;
				IPHONEOS_DEPLOYMENT_TARGET = 16.4;
				MTL_ENABLE_DEBUG_INFO = INCLUDE_SOURCE;
				MTL_FAST_MATH = YES;
				ONLY_ACTIVE_ARCH = YES;
				SDKROOT = iphoneos;
				SWIFT_ACTIVE_COMPILATION_CONDITIONS = DEBUG;
				SWIFT_OPTIMIZATION_LEVEL = "-Onone";
			};
			name = Debug;
		};
		D99273EF29F981B800F4844C /* Release */ = {
			isa = XCBuildConfiguration;
			buildSettings = {
				ALWAYS_SEARCH_USER_PATHS = NO;
				CLANG_ANALYZER_NONNULL = YES;
				CLANG_ANALYZER_NUMBER_OBJECT_CONVERSION = YES_AGGRESSIVE;
				CLANG_CXX_LANGUAGE_STANDARD = "gnu++20";
				CLANG_ENABLE_MODULES = YES;
				CLANG_ENABLE_OBJC_ARC = YES;
				CLANG_ENABLE_OBJC_WEAK = YES;
				CLANG_WARN_BLOCK_CAPTURE_AUTORELEASING = YES;
				CLANG_WARN_BOOL_CONVERSION = YES;
				CLANG_WARN_COMMA = YES;
				CLANG_WARN_CONSTANT_CONVERSION = YES;
				CLANG_WARN_DEPRECATED_OBJC_IMPLEMENTATIONS = YES;
				CLANG_WARN_DIRECT_OBJC_ISA_USAGE = YES_ERROR;
				CLANG_WARN_DOCUMENTATION_COMMENTS = YES;
				CLANG_WARN_EMPTY_BODY = YES;
				CLANG_WARN_ENUM_CONVERSION = YES;
				CLANG_WARN_INFINITE_RECURSION = YES;
				CLANG_WARN_INT_CONVERSION = YES;
				CLANG_WARN_NON_LITERAL_NULL_CONVERSION = YES;
				CLANG_WARN_OBJC_IMPLICIT_RETAIN_SELF = YES;
				CLANG_WARN_OBJC_LITERAL_CONVERSION = YES;
				CLANG_WARN_OBJC_ROOT_CLASS = YES_ERROR;
				CLANG_WARN_QUOTED_INCLUDE_IN_FRAMEWORK_HEADER = YES;
				CLANG_WARN_RANGE_LOOP_ANALYSIS = YES;
				CLANG_WARN_STRICT_PROTOTYPES = YES;
				CLANG_WARN_SUSPICIOUS_MOVE = YES;
				CLANG_WARN_UNGUARDED_AVAILABILITY = YES_AGGRESSIVE;
				CLANG_WARN_UNREACHABLE_CODE = YES;
				CLANG_WARN__DUPLICATE_METHOD_MATCH = YES;
				COPY_PHASE_STRIP = NO;
				DEBUG_INFORMATION_FORMAT = "dwarf-with-dsym";
				ENABLE_NS_ASSERTIONS = NO;
				ENABLE_STRICT_OBJC_MSGSEND = YES;
				GCC_C_LANGUAGE_STANDARD = gnu11;
				GCC_NO_COMMON_BLOCKS = YES;
				GCC_WARN_64_TO_32_BIT_CONVERSION = YES;
				GCC_WARN_ABOUT_RETURN_TYPE = YES_ERROR;
				GCC_WARN_UNDECLARED_SELECTOR = YES;
				GCC_WARN_UNINITIALIZED_AUTOS = YES_AGGRESSIVE;
				GCC_WARN_UNUSED_FUNCTION = YES;
				GCC_WARN_UNUSED_VARIABLE = YES;
				IPHONEOS_DEPLOYMENT_TARGET = 16.4;
				MTL_ENABLE_DEBUG_INFO = NO;
				MTL_FAST_MATH = YES;
				SDKROOT = iphoneos;
				SWIFT_COMPILATION_MODE = wholemodule;
				SWIFT_OPTIMIZATION_LEVEL = "-O";
				VALIDATE_PRODUCT = YES;
			};
			name = Release;
		};
		D99273F129F981B800F4844C /* Debug */ = {
			isa = XCBuildConfiguration;
			buildSettings = {
				ASSETCATALOG_COMPILER_APPICON_NAME = AppIcon;
				ASSETCATALOG_COMPILER_GLOBAL_ACCENT_COLOR_NAME = AccentColor;
				CODE_SIGN_STYLE = Automatic;
				CURRENT_PROJECT_VERSION = 1;
				DEVELOPMENT_TEAM = 9ND25NK39M;
				GENERATE_INFOPLIST_FILE = YES;
				INFOPLIST_FILE = "Austin Patton Ballot Project/Info.plist";
				INFOPLIST_KEY_UIApplicationSupportsIndirectInputEvents = YES;
				INFOPLIST_KEY_UILaunchStoryboardName = LaunchScreen;
				INFOPLIST_KEY_UIMainStoryboardFile = Main;
				INFOPLIST_KEY_UISupportedInterfaceOrientations_iPad = "UIInterfaceOrientationPortrait UIInterfaceOrientationPortraitUpsideDown UIInterfaceOrientationLandscapeLeft UIInterfaceOrientationLandscapeRight";
				INFOPLIST_KEY_UISupportedInterfaceOrientations_iPhone = "UIInterfaceOrientationPortrait UIInterfaceOrientationLandscapeLeft UIInterfaceOrientationLandscapeRight";
				LD_RUNPATH_SEARCH_PATHS = (
					"$(inherited)",
					"@executable_path/Frameworks",
				);
				MARKETING_VERSION = 1.0;
				PRODUCT_BUNDLE_IDENTIFIER = "Apat19.Austin-Patton-Ballot-Project";
				PRODUCT_NAME = "$(TARGET_NAME)";
				SWIFT_EMIT_LOC_STRINGS = YES;
				SWIFT_VERSION = 5.0;
				TARGETED_DEVICE_FAMILY = "1,2";
			};
			name = Debug;
		};
		D99273F229F981B800F4844C /* Release */ = {
			isa = XCBuildConfiguration;
			buildSettings = {
				ASSETCATALOG_COMPILER_APPICON_NAME = AppIcon;
				ASSETCATALOG_COMPILER_GLOBAL_ACCENT_COLOR_NAME = AccentColor;
				CODE_SIGN_STYLE = Automatic;
				CURRENT_PROJECT_VERSION = 1;
				DEVELOPMENT_TEAM = 9ND25NK39M;
				GENERATE_INFOPLIST_FILE = YES;
				INFOPLIST_FILE = "Austin Patton Ballot Project/Info.plist";
				INFOPLIST_KEY_UIApplicationSupportsIndirectInputEvents = YES;
				INFOPLIST_KEY_UILaunchStoryboardName = LaunchScreen;
				INFOPLIST_KEY_UIMainStoryboardFile = Main;
				INFOPLIST_KEY_UISupportedInterfaceOrientations_iPad = "UIInterfaceOrientationPortrait UIInterfaceOrientationPortraitUpsideDown UIInterfaceOrientationLandscapeLeft UIInterfaceOrientationLandscapeRight";
				INFOPLIST_KEY_UISupportedInterfaceOrientations_iPhone = "UIInterfaceOrientationPortrait UIInterfaceOrientationLandscapeLeft UIInterfaceOrientationLandscapeRight";
				LD_RUNPATH_SEARCH_PATHS = (
					"$(inherited)",
					"@executable_path/Frameworks",
				);
				MARKETING_VERSION = 1.0;
				PRODUCT_BUNDLE_IDENTIFIER = "Apat19.Austin-Patton-Ballot-Project";
				PRODUCT_NAME = "$(TARGET_NAME)";
				SWIFT_EMIT_LOC_STRINGS = YES;
				SWIFT_VERSION = 5.0;
				TARGETED_DEVICE_FAMILY = "1,2";
			};
			name = Release;
		};
/* End XCBuildConfiguration section */

/* Begin XCConfigurationList section */
		D99273D729F981B600F4844C /* Build configuration list for PBXProject "Austin Patton Ballot Project" */ = {
			isa = XCConfigurationList;
			buildConfigurations = (
				D99273EE29F981B800F4844C /* Debug */,
				D99273EF29F981B800F4844C /* Release */,
			);
			defaultConfigurationIsVisible = 0;
			defaultConfigurationName = Release;
		};
		D99273F029F981B800F4844C /* Build configuration list for PBXNativeTarget "Austin Patton Ballot Project" */ = {
			isa = XCConfigurationList;
			buildConfigurations = (
				D99273F129F981B800F4844C /* Debug */,
				D99273F229F981B800F4844C /* Release */,
			);
			defaultConfigurationIsVisible = 0;
			defaultConfigurationName = Release;
		};
/* End XCConfigurationList section */
	};
	rootObject = D99273D429F981B600F4844C /* Project object */;
}
